
Microsoft Visual Studio Solution File, Format Version 12.00
Project("{FAE04EC0-301F-11D3-BF4B-00C04F79EFBC}") = "AccountsManager.Desktop", "AccountsManager.Desktop\AccountsManager.Desktop.csproj", "{727C5D39-35D4-4AB6-AAE1-7F4A7121091C}"
EndProject
Project("{2150E333-8FDC-42A3-9474-1A3956D46DE8}") = "items", "items", "{A59D503F-947A-432A-9B66-BD54E25394F1}"
	ProjectSection(SolutionItems) = preProject
		.gitignore = .gitignore
		create_db.sql = create_db.sql
	EndProjectSection
EndProject
Project("{FAE04EC0-301F-11D3-BF4B-00C04F79EFBC}") = "AccountsManager.Models", "AccountsManager.Models\AccountsManager.Models.csproj", "{A2B7E459-AE88-41A5-B997-C689A73553E6}"
EndProject
Project("{FAE04EC0-301F-11D3-BF4B-00C04F79EFBC}") = "AccountsManager.Core", "AccountsManager.Core\AccountsManager.Core.csproj", "{2888CB59-B3FE-4AAD-9E18-18FCCF763E13}"
EndProject
Global
	GlobalSection(SolutionConfigurationPlatforms) = preSolution
		Debug|Any CPU = Debug|Any CPU
		Release|Any CPU = Release|Any CPU
	EndGlobalSection
	GlobalSection(ProjectConfigurationPlatforms) = postSolution
		{727C5D39-35D4-4AB6-AAE1-7F4A7121091C}.Debug|Any CPU.ActiveCfg = Debug|Any CPU
		{727C5D39-35D4-4AB6-AAE1-7F4A7121091C}.Debug|Any CPU.Build.0 = Debug|Any CPU
		{727C5D39-35D4-4AB6-AAE1-7F4A7121091C}.Release|Any CPU.ActiveCfg = Release|Any CPU
		{727C5D39-35D4-4AB6-AAE1-7F4A7121091C}.Release|Any CPU.Build.0 = Release|Any CPU
		{A2B7E459-AE88-41A5-B997-C689A73553E6}.Debug|Any CPU.ActiveCfg = Debug|Any CPU
		{A2B7E459-AE88-41A5-B997-C689A73553E6}.Debug|Any CPU.Build.0 = Debug|Any CPU
		{A2B7E459-AE88-41A5-B997-C689A73553E6}.Release|Any CPU.ActiveCfg = Release|Any CPU
		{A2B7E459-AE88-41A5-B997-C689A73553E6}.Release|Any CPU.Build.0 = Release|Any CPU
		{2888CB59-B3FE-4AAD-9E18-18FCCF763E13}.Debug|Any CPU.ActiveCfg = Debug|Any CPU
		{2888CB59-B3FE-4AAD-9E18-18FCCF763E13}.Debug|Any CPU.Build.0 = Debug|Any CPU
		{2888CB59-B3FE-4AAD-9E18-18FCCF763E13}.Release|Any CPU.ActiveCfg = Release|Any CPU
		{2888CB59-B3FE-4AAD-9E18-18FCCF763E13}.Release|Any CPU.Build.0 = Release|Any CPU
	EndGlobalSection
EndGlobal
